
Microsoft Visual Studio Solution File, Format Version 12.00
# Visual Studio Version 17
VisualStudioVersion = 17.14.36811.4
MinimumVisualStudioVersion = 10.0.40219.1
Project("{FAE04EC0-301F-11D3-BF4B-00C04F79EFBC}") = "Question1", "Question1\Question1.csproj", "{454DADA4-17F7-45FB-91A2-FB383B88DE35}"
EndProject
Project("{FAE04EC0-301F-11D3-BF4B-00C04F79EFBC}") = "Question21", "Question2\Question21.csproj", "{B2CC6055-3F40-4D06-A7CB-4118878EB618}"
EndProject
Project("{FAE04EC0-301F-11D3-BF4B-00C04F79EFBC}") = "Question3", "Question3\Question3.csproj", "{A903B068-F1EC-42BE-B7A7-3ACD92AA057A}"
EndProject
Project("{FAE04EC0-301F-11D3-BF4B-00C04F79EFBC}") = "Question4", "Question4\Question4.csproj", "{24F19DF1-E000-4F10-973E-8C9307939F74}"
EndProject
Project("{FAE04EC0-301F-11D3-BF4B-00C04F79EFBC}") = "Question5", "Question5\Question5.csproj", "{F2A17E62-ED20-44B3-8528-13F223394FFF}"
EndProject
Project("{FAE04EC0-301F-11D3-BF4B-00C04F79EFBC}") = "Question6", "Question6\Question6.csproj", "{0596BA24-4799-42D9-B9C8-C68969F8D4EC}"
EndProject
Project("{FAE04EC0-301F-11D3-BF4B-00C04F79EFBC}") = "Question7", "Question7\Question7.csproj", "{9DA01507-93E7-43E9-B019-75448FDF4AF6}"
EndProject
Project("{FAE04EC0-301F-11D3-BF4B-00C04F79EFBC}") = "Question8", "Question8\Question8.csproj", "{A7576DFC-517E-4E89-B90B-522BB85C86AF}"
EndProject
Project("{FAE04EC0-301F-11D3-BF4B-00C04F79EFBC}") = "Question9", "Question9\Question9.csproj", "{68DC3BD2-072D-4A01-9E7D-623A3B949491}"
EndProject
Project("{FAE04EC0-301F-11D3-BF4B-00C04F79EFBC}") = "Question10", "Question10\Question10.csproj", "{9799F75E-1294-4B41-A6CC-FFF83778CBAC}"
EndProject
Project("{FAE04EC0-301F-11D3-BF4B-00C04F79EFBC}") = "Question11", "Question11\Question11.csproj", "{B621A2A0-6419-4EF3-857F-C4462EEE727B}"
EndProject
Project("{FAE04EC0-301F-11D3-BF4B-00C04F79EFBC}") = "Question12", "Question12\Question12.csproj", "{834AD582-5340-4A91-B1E3-5DFAE2C29E74}"
EndProject
Project("{FAE04EC0-301F-11D3-BF4B-00C04F79EFBC}") = "Question13", "Question13\Question13.csproj", "{729F80CA-30B9-4871-AFA3-4619A46B044C}"
EndProject
Project("{FAE04EC0-301F-11D3-BF4B-00C04F79EFBC}") = "Question14", "Question14\Question14.csproj", "{37E791C0-D136-4EE6-8B61-72C475461191}"
EndProject
Project("{FAE04EC0-301F-11D3-BF4B-00C04F79EFBC}") = "Question15", "Question15\Question15.csproj", "{067C7D2E-BB1E-4500-A6C0-EA2A5C1DC981}"
EndProject
Project("{FAE04EC0-301F-11D3-BF4B-00C04F79EFBC}") = "Question16", "Question16\Question16.csproj", "{8784F717-B723-4A0F-8431-3603BB3B7A91}"
EndProject
Project("{FAE04EC0-301F-11D3-BF4B-00C04F79EFBC}") = "Question17", "Question17\Question17.csproj", "{52ACE582-E00D-4E58-84AE-32E20E3BC799}"
EndProject
Project("{FAE04EC0-301F-11D3-BF4B-00C04F79EFBC}") = "Question18", "Question18\Question18.csproj", "{871F7B28-18F9-473D-8214-D6C976BD8629}"
EndProject
Project("{FAE04EC0-301F-11D3-BF4B-00C04F79EFBC}") = "Question19", "Question19\Question19.csproj", "{57572CB2-8647-4992-838A-53DC284AA709}"
EndProject
Project("{FAE04EC0-301F-11D3-BF4B-00C04F79EFBC}") = "Question20", "Question20\Question20.csproj", "{A7E1A58F-16D0-49A8-8760-7CD7E48FF1E4}"
EndProject
Project("{FAE04EC0-301F-11D3-BF4B-00C04F79EFBC}") = "Question22", "Question22\Question22.csproj", "{9C1BEA2E-18BB-4F3C-A7A3-DAB7A310738D}"
EndProject
Project("{FAE04EC0-301F-11D3-BF4B-00C04F79EFBC}") = "Question23", "Question23\Question23.csproj", "{25435458-E354-4456-8F23-FE07C4D84A3A}"
EndProject
Project("{FAE04EC0-301F-11D3-BF4B-00C04F79EFBC}") = "Question24", "Question24\Question24.csproj", "{337546DA-E53B-46D9-BD13-1CF3E9E2432A}"
EndProject
Project("{FAE04EC0-301F-11D3-BF4B-00C04F79EFBC}") = "Question25", "Question25\Question25.csproj", "{0826A33A-0337-4E5D-B526-3FAFB973FAA3}"
EndProject
Project("{FAE04EC0-301F-11D3-BF4B-00C04F79EFBC}") = "Question26", "Question26\Question26.csproj", "{52E4C647-1808-4E49-8236-A0A59B55B6DC}"
EndProject
Project("{FAE04EC0-301F-11D3-BF4B-00C04F79EFBC}") = "Question27", "Question27\Question27.csproj", "{FC7ACFAE-40FC-4631-9048-E89F2FEE1ADD}"
EndProject
Project("{FAE04EC0-301F-11D3-BF4B-00C04F79EFBC}") = "Question28", "Question28\Question28.csproj", "{C810E519-0B3C-4730-A375-D084DD9D5282}"
EndProject
Project("{FAE04EC0-301F-11D3-BF4B-00C04F79EFBC}") = "Question29", "Question29\Question29.csproj", "{40D1FB4C-AA92-47BA-8D6F-2D3C45BC2819}"
EndProject
Project("{FAE04EC0-301F-11D3-BF4B-00C04F79EFBC}") = "Question30", "Question30\Question30.csproj", "{E8063963-BC4A-4BC5-8272-E28A24F01F05}"
EndProject
Project("{FAE04EC0-301F-11D3-BF4B-00C04F79EFBC}") = "Question02", "Question02\Question02.csproj", "{F423A9B2-CC51-4483-82EB-3A7F82F1A600}"
EndProject
Global
	GlobalSection(SolutionConfigurationPlatforms) = preSolution
		Debug|Any CPU = Debug|Any CPU
		Release|Any CPU = Release|Any CPU
	EndGlobalSection
	GlobalSection(ProjectConfigurationPlatforms) = postSolution
		{454DADA4-17F7-45FB-91A2-FB383B88DE35}.Debug|Any CPU.ActiveCfg = Debug|Any CPU
		{454DADA4-17F7-45FB-91A2-FB383B88DE35}.Debug|Any CPU.Build.0 = Debug|Any CPU
		{454DADA4-17F7-45FB-91A2-FB383B88DE35}.Release|Any CPU.ActiveCfg = Release|Any CPU
		{454DADA4-17F7-45FB-91A2-FB383B88DE35}.Release|Any CPU.Build.0 = Release|Any CPU
		{B2CC6055-3F40-4D06-A7CB-4118878EB618}.Debug|Any CPU.ActiveCfg = Debug|Any CPU
		{B2CC6055-3F40-4D06-A7CB-4118878EB618}.Debug|Any CPU.Build.0 = Debug|Any CPU
		{B2CC6055-3F40-4D06-A7CB-4118878EB618}.Release|Any CPU.ActiveCfg = Release|Any CPU
		{B2CC6055-3F40-4D06-A7CB-4118878EB618}.Release|Any CPU.Build.0 = Release|Any CPU
		{A903B068-F1EC-42BE-B7A7-3ACD92AA057A}.Debug|Any CPU.ActiveCfg = Debug|Any CPU
		{A903B068-F1EC-42BE-B7A7-3ACD92AA057A}.Debug|Any CPU.Build.0 = Debug|Any CPU
		{A903B068-F1EC-42BE-B7A7-3ACD92AA057A}.Release|Any CPU.ActiveCfg = Release|Any CPU
		{A903B068-F1EC-42BE-B7A7-3ACD92AA057A}.Release|Any CPU.Build.0 = Release|Any CPU
		{24F19DF1-E000-4F10-973E-8C9307939F74}.Debug|Any CPU.ActiveCfg = Debug|Any CPU
		{24F19DF1-E000-4F10-973E-8C9307939F74}.Debug|Any CPU.Build.0 = Debug|Any CPU
		{24F19DF1-E000-4F10-973E-8C9307939F74}.Release|Any CPU.ActiveCfg = Release|Any CPU
		{24F19DF1-E000-4F10-973E-8C9307939F74}.Release|Any CPU.Build.0 = Release|Any CPU
		{F2A17E62-ED20-44B3-8528-13F223394FFF}.Debug|Any CPU.ActiveCfg = Debug|Any CPU
		{F2A17E62-ED20-44B3-8528-13F223394FFF}.Debug|Any CPU.Build.0 = Debug|Any CPU
		{F2A17E62-ED20-44B3-8528-13F223394FFF}.Release|Any CPU.ActiveCfg = Release|Any CPU
		{F2A17E62-ED20-44B3-8528-13F223394FFF}.Release|Any CPU.Build.0 = Release|Any CPU
		{0596BA24-4799-42D9-B9C8-C68969F8D4EC}.Debug|Any CPU.ActiveCfg = Debug|Any CPU
		{0596BA24-4799-42D9-B9C8-C68969F8D4EC}.Debug|Any CPU.Build.0 = Debug|Any CPU
		{0596BA24-4799-42D9-B9C8-C68969F8D4EC}.Release|Any CPU.ActiveCfg = Release|Any CPU
		{0596BA24-4799-42D9-B9C8-C68969F8D4EC}.Release|Any CPU.Build.0 = Release|Any CPU
		{9DA01507-93E7-43E9-B019-75448FDF4AF6}.Debug|Any CPU.ActiveCfg = Debug|Any CPU
		{9DA01507-93E7-43E9-B019-75448FDF4AF6}.Debug|Any CPU.Build.0 = Debug|Any CPU
		{9DA01507-93E7-43E9-B019-75448FDF4AF6}.Release|Any CPU.ActiveCfg = Release|Any CPU
		{9DA01507-93E7-43E9-B019-75448FDF4AF6}.Release|Any CPU.Build.0 = Release|Any CPU
		{A7576DFC-517E-4E89-B90B-522BB85C86AF}.Debug|Any CPU.ActiveCfg = Debug|Any CPU
		{A7576DFC-517E-4E89-B90B-522BB85C86AF}.Debug|Any CPU.Build.0 = Debug|Any CPU
		{A7576DFC-517E-4E89-B90B-522BB85C86AF}.Release|Any CPU.ActiveCfg = Release|Any CPU
		{A7576DFC-517E-4E89-B90B-522BB85C86AF}.Release|Any CPU.Build.0 = Release|Any CPU
		{68DC3BD2-072D-4A01-9E7D-623A3B949491}.Debug|Any CPU.ActiveCfg = Debug|Any CPU
		{68DC3BD2-072D-4A01-9E7D-623A3B949491}.Debug|Any CPU.Build.0 = Debug|Any CPU
		{68DC3BD2-072D-4A01-9E7D-623A3B949491}.Release|Any CPU.ActiveCfg = Release|Any CPU
		{68DC3BD2-072D-4A01-9E7D-623A3B949491}.Release|Any CPU.Build.0 = Release|Any CPU
		{9799F75E-1294-4B41-A6CC-FFF83778CBAC}.Debug|Any CPU.ActiveCfg = Debug|Any CPU
		{9799F75E-1294-4B41-A6CC-FFF83778CBAC}.Debug|Any CPU.Build.0 = Debug|Any CPU
		{9799F75E-1294-4B41-A6CC-FFF83778CBAC}.Release|Any CPU.ActiveCfg = Release|Any CPU
		{9799F75E-1294-4B41-A6CC-FFF83778CBAC}.Release|Any CPU.Build.0 = Release|Any CPU
		{B621A2A0-6419-4EF3-857F-C4462EEE727B}.Debug|Any CPU.ActiveCfg = Debug|Any CPU
		{B621A2A0-6419-4EF3-857F-C4462EEE727B}.Debug|Any CPU.Build.0 = Debug|Any CPU
		{B621A2A0-6419-4EF3-857F-C4462EEE727B}.Release|Any CPU.ActiveCfg = Release|Any CPU
		{B621A2A0-6419-4EF3-857F-C4462EEE727B}.Release|Any CPU.Build.0 = Release|Any CPU
		{834AD582-5340-4A91-B1E3-5DFAE2C29E74}.Debug|Any CPU.ActiveCfg = Debug|Any CPU
		{834AD582-5340-4A91-B1E3-5DFAE2C29E74}.Debug|Any CPU.Build.0 = Debug|Any CPU
		{834AD582-5340-4A91-B1E3-5DFAE2C29E74}.Release|Any CPU.ActiveCfg = Release|Any CPU
		{834AD582-5340-4A91-B1E3-5DFAE2C29E74}.Release|Any CPU.Build.0 = Release|Any CPU
		{729F80CA-30B9-4871-AFA3-4619A46B044C}.Debug|Any CPU.ActiveCfg = Debug|Any CPU
		{729F80CA-30B9-4871-AFA3-4619A46B044C}.Debug|Any CPU.Build.0 = Debug|Any CPU
		{729F80CA-30B9-4871-AFA3-4619A46B044C}.Release|Any CPU.ActiveCfg = Release|Any CPU
		{729F80CA-30B9-4871-AFA3-4619A46B044C}.Release|Any CPU.Build.0 = Release|Any CPU
		{37E791C0-D136-4EE6-8B61-72C475461191}.Debug|Any CPU.ActiveCfg = Debug|Any CPU
		{37E791C0-D136-4EE6-8B61-72C475461191}.Debug|Any CPU.Build.0 = Debug|Any CPU
		{37E791C0-D136-4EE6-8B61-72C475461191}.Release|Any CPU.ActiveCfg = Release|Any CPU
		{37E791C0-D136-4EE6-8B61-72C475461191}.Release|Any CPU.Build.0 = Release|Any CPU
		{067C7D2E-BB1E-4500-A6C0-EA2A5C1DC981}.Debug|Any CPU.ActiveCfg = Debug|Any CPU
		{067C7D2E-BB1E-4500-A6C0-EA2A5C1DC981}.Debug|Any CPU.Build.0 = Debug|Any CPU
		{067C7D2E-BB1E-4500-A6C0-EA2A5C1DC981}.Release|Any CPU.ActiveCfg = Release|Any CPU
		{067C7D2E-BB1E-4500-A6C0-EA2A5C1DC981}.Release|Any CPU.Build.0 = Release|Any CPU
		{8784F717-B723-4A0F-8431-3603BB3B7A91}.Debug|Any CPU.ActiveCfg = Debug|Any CPU
		{8784F717-B723-4A0F-8431-3603BB3B7A91}.Debug|Any CPU.Build.0 = Debug|Any CPU
		{8784F717-B723-4A0F-8431-3603BB3B7A91}.Release|Any CPU.ActiveCfg = Release|Any CPU
		{8784F717-B723-4A0F-8431-3603BB3B7A91}.Release|Any CPU.Build.0 = Release|Any CPU
		{52ACE582-E00D-4E58-84AE-32E20E3BC799}.Debug|Any CPU.ActiveCfg = Debug|Any CPU
		{52ACE582-E00D-4E58-84AE-32E20E3BC799}.Debug|Any CPU.Build.0 = Debug|Any CPU
		{52ACE582-E00D-4E58-84AE-32E20E3BC799}.Release|Any CPU.ActiveCfg = Release|Any CPU
		{52ACE582-E00D-4E58-84AE-32E20E3BC799}.Release|Any CPU.Build.0 = Release|Any CPU
		{871F7B28-18F9-473D-8214-D6C976BD8629}.Debug|Any CPU.ActiveCfg = Debug|Any CPU
		{871F7B28-18F9-473D-8214-D6C976BD8629}.Debug|Any CPU.Build.0 = Debug|Any CPU
		{871F7B28-18F9-473D-8214-D6C976BD8629}.Release|Any CPU.ActiveCfg = Release|Any CPU
		{871F7B28-18F9-473D-8214-D6C976BD8629}.Release|Any CPU.Build.0 = Release|Any CPU
		{57572CB2-8647-4992-838A-53DC284AA709}.Debug|Any CPU.ActiveCfg = Debug|Any CPU
		{57572CB2-8647-4992-838A-53DC284AA709}.Debug|Any CPU.Build.0 = Debug|Any CPU
		{57572CB2-8647-4992-838A-53DC284AA709}.Release|Any CPU.ActiveCfg = Release|Any CPU
		{57572CB2-8647-4992-838A-53DC284AA709}.Release|Any CPU.Build.0 = Release|Any CPU
		{A7E1A58F-16D0-49A8-8760-7CD7E48FF1E4}.Debug|Any CPU.ActiveCfg = Debug|Any CPU
		{A7E1A58F-16D0-49A8-8760-7CD7E48FF1E4}.Debug|Any CPU.Build.0 = Debug|Any CPU
		{A7E1A58F-16D0-49A8-8760-7CD7E48FF1E4}.Release|Any CPU.ActiveCfg = Release|Any CPU
		{A7E1A58F-16D0-49A8-8760-7CD7E48FF1E4}.Release|Any CPU.Build.0 = Release|Any CPU
		{9C1BEA2E-18BB-4F3C-A7A3-DAB7A310738D}.Debug|Any CPU.ActiveCfg = Debug|Any CPU
		{9C1BEA2E-18BB-4F3C-A7A3-DAB7A310738D}.Debug|Any CPU.Build.0 = Debug|Any CPU
		{9C1BEA2E-18BB-4F3C-A7A3-DAB7A310738D}.Release|Any CPU.ActiveCfg = Release|Any CPU
		{9C1BEA2E-18BB-4F3C-A7A3-DAB7A310738D}.Release|Any CPU.Build.0 = Release|Any CPU
		{25435458-E354-4456-8F23-FE07C4D84A3A}.Debug|Any CPU.ActiveCfg = Debug|Any CPU
		{25435458-E354-4456-8F23-FE07C4D84A3A}.Debug|Any CPU.Build.0 = Debug|Any CPU
		{25435458-E354-4456-8F23-FE07C4D84A3A}.Release|Any CPU.ActiveCfg = Release|Any CPU
		{25435458-E354-4456-8F23-FE07C4D84A3A}.Release|Any CPU.Build.0 = Release|Any CPU
		{337546DA-E53B-46D9-BD13-1CF3E9E2432A}.Debug|Any CPU.ActiveCfg = Debug|Any CPU
		{337546DA-E53B-46D9-BD13-1CF3E9E2432A}.Debug|Any CPU.Build.0 = Debug|Any CPU
		{337546DA-E53B-46D9-BD13-1CF3E9E2432A}.Release|Any CPU.ActiveCfg = Release|Any CPU
		{337546DA-E53B-46D9-BD13-1CF3E9E2432A}.Release|Any CPU.Build.0 = Release|Any CPU
		{0826A33A-0337-4E5D-B526-3FAFB973FAA3}.Debug|Any CPU.ActiveCfg = Debug|Any CPU
		{0826A33A-0337-4E5D-B526-3FAFB973FAA3}.Debug|Any CPU.Build.0 = Debug|Any CPU
		{0826A33A-0337-4E5D-B526-3FAFB973FAA3}.Release|Any CPU.ActiveCfg = Release|Any CPU
		{0826A33A-0337-4E5D-B526-3FAFB973FAA3}.Release|Any CPU.Build.0 = Release|Any CPU
		{52E4C647-1808-4E49-8236-A0A59B55B6DC}.Debug|Any CPU.ActiveCfg = Debug|Any CPU
		{52E4C647-1808-4E49-8236-A0A59B55B6DC}.Debug|Any CPU.Build.0 = Debug|Any CPU
		{52E4C647-1808-4E49-8236-A0A59B55B6DC}.Release|Any CPU.ActiveCfg = Release|Any CPU
		{52E4C647-1808-4E49-8236-A0A59B55B6DC}.Release|Any CPU.Build.0 = Release|Any CPU
		{FC7ACFAE-40FC-4631-9048-E89F2FEE1ADD}.Debug|Any CPU.ActiveCfg = Debug|Any CPU
		{FC7ACFAE-40FC-4631-9048-E89F2FEE1ADD}.Debug|Any CPU.Build.0 = Debug|Any CPU
		{FC7ACFAE-40FC-4631-9048-E89F2FEE1ADD}.Release|Any CPU.ActiveCfg = Release|Any CPU
		{FC7ACFAE-40FC-4631-9048-E89F2FEE1ADD}.Release|Any CPU.Build.0 = Release|Any CPU
		{C810E519-0B3C-4730-A375-D084DD9D5282}.Debug|Any CPU.ActiveCfg = Debug|Any CPU
		{C810E519-0B3C-4730-A375-D084DD9D5282}.Debug|Any CPU.Build.0 = Debug|Any CPU
		{C810E519-0B3C-4730-A375-D084DD9D5282}.Release|Any CPU.ActiveCfg = Release|Any CPU
		{C810E519-0B3C-4730-A375-D084DD9D5282}.Release|Any CPU.Build.0 = Release|Any CPU
		{40D1FB4C-AA92-47BA-8D6F-2D3C45BC2819}.Debug|Any CPU.ActiveCfg = Debug|Any CPU
		{40D1FB4C-AA92-47BA-8D6F-2D3C45BC2819}.Debug|Any CPU.Build.0 = Debug|Any CPU
		{40D1FB4C-AA92-47BA-8D6F-2D3C45BC2819}.Release|Any CPU.ActiveCfg = Release|Any CPU
		{40D1FB4C-AA92-47BA-8D6F-2D3C45BC2819}.Release|Any CPU.Build.0 = Release|Any CPU
		{E8063963-BC4A-4BC5-8272-E28A24F01F05}.Debug|Any CPU.ActiveCfg = Debug|Any CPU
		{E8063963-BC4A-4BC5-8272-E28A24F01F05}.Debug|Any CPU.Build.0 = Debug|Any CPU
		{E8063963-BC4A-4BC5-8272-E28A24F01F05}.Release|Any CPU.ActiveCfg = Release|Any CPU
		{E8063963-BC4A-4BC5-8272-E28A24F01F05}.Release|Any CPU.Build.0 = Release|Any CPU
		{F423A9B2-CC51-4483-82EB-3A7F82F1A600}.Debug|Any CPU.ActiveCfg = Debug|Any CPU
		{F423A9B2-CC51-4483-82EB-3A7F82F1A600}.Debug|Any CPU.Build.0 = Debug|Any CPU
		{F423A9B2-CC51-4483-82EB-3A7F82F1A600}.Release|Any CPU.ActiveCfg = Release|Any CPU
		{F423A9B2-CC51-4483-82EB-3A7F82F1A600}.Release|Any CPU.Build.0 = Release|Any CPU
	EndGlobalSection
	GlobalSection(SolutionProperties) = preSolution
		HideSolutionNode = FALSE
	EndGlobalSection
	GlobalSection(ExtensibilityGlobals) = postSolution
		SolutionGuid = {213C5C80-8CCA-4172-843B-2B950B7CC843}
	EndGlobalSection
EndGlobal
